
Microsoft Visual Studio Solution File, Format Version 12.00
# Visual Studio Version 16
VisualStudioVersion = 16.0.31702.278
MinimumVisualStudioVersion = 10.0.40219.1
Project("{9A19103F-16F7-4668-BE54-9A1E7A4F7556}") = "pru_web", "pru_web.csproj", "{BF7F026F-568D-47A6-97AC-E3E600BAA350}"
EndProject
Project("{9A19103F-16F7-4668-BE54-9A1E7A4F7556}") = "Web_Test", "..\Web_Test\Web_Test.csproj", "{FDC127E1-8773-4A29-ACC5-46393D4D7FB3}"
EndProject
Global
	GlobalSection(SolutionConfigurationPlatforms) = preSolution
		Debug|Any CPU = Debug|Any CPU
		Release|Any CPU = Release|Any CPU
	EndGlobalSection
	GlobalSection(ProjectConfigurationPlatforms) = postSolution
		{BF7F026F-568D-47A6-97AC-E3E600BAA350}.Debug|Any CPU.ActiveCfg = Debug|Any CPU
		{BF7F026F-568D-47A6-97AC-E3E600BAA350}.Debug|Any CPU.Build.0 = Debug|Any CPU
		{BF7F026F-568D-47A6-97AC-E3E600BAA350}.Release|Any CPU.ActiveCfg = Release|Any CPU
		{BF7F026F-568D-47A6-97AC-E3E600BAA350}.Release|Any CPU.Build.0 = Release|Any CPU
		{FDC127E1-8773-4A29-ACC5-46393D4D7FB3}.Debug|Any CPU.ActiveCfg = Debug|Any CPU
		{FDC127E1-8773-4A29-ACC5-46393D4D7FB3}.Debug|Any CPU.Build.0 = Debug|Any CPU
		{FDC127E1-8773-4A29-ACC5-46393D4D7FB3}.Release|Any CPU.ActiveCfg = Release|Any CPU
		{FDC127E1-8773-4A29-ACC5-46393D4D7FB3}.Release|Any CPU.Build.0 = Release|Any CPU
	EndGlobalSection
	GlobalSection(SolutionProperties) = preSolution
		HideSolutionNode = FALSE
	EndGlobalSection
	GlobalSection(ExtensibilityGlobals) = postSolution
		SolutionGuid = {BBB0ACD1-EF8F-4ACE-A8FD-4C15DD951148}
	EndGlobalSection
EndGlobal
